
Microsoft Visual Studio Solution File, Format Version 12.00
# Visual Studio Version 16
VisualStudioVersion = 16.0.31321.278
MinimumVisualStudioVersion = 10.0.40219.1
Project("{8BC9CEB8-8B4A-11D0-8D11-00A0C91BC942}") = "Transgerbeur", "Transgerbeur\Transgerbeur.vcxproj", "{FE371BE4-0FD4-4E5E-A1B8-1EB1C226AA76}"
EndProject
Project("{8BC9CEB8-8B4A-11D0-8D11-00A0C91BC942}") = "GestionEmployes", "GestionEmployes\GestionEmployes.vcxproj", "{DE7DBFCB-88DD-46C6-98B3-A711984179CE}"
EndProject
Project("{8BC9CEB8-8B4A-11D0-8D11-00A0C91BC942}") = "RGB", "RGB\RGB.vcxproj", "{B150894B-DA7A-49C6-8902-06079EA277D4}"
EndProject
Global
	GlobalSection(SolutionConfigurationPlatforms) = preSolution
		Debug|x64 = Debug|x64
		Debug|x86 = Debug|x86
		Release|x64 = Release|x64
		Release|x86 = Release|x86
	EndGlobalSection
	GlobalSection(ProjectConfigurationPlatforms) = postSolution
		{FE371BE4-0FD4-4E5E-A1B8-1EB1C226AA76}.Debug|x64.ActiveCfg = Debug|x64
		{FE371BE4-0FD4-4E5E-A1B8-1EB1C226AA76}.Debug|x64.Build.0 = Debug|x64
		{FE371BE4-0FD4-4E5E-A1B8-1EB1C226AA76}.Debug|x86.ActiveCfg = Debug|Win32
		{FE371BE4-0FD4-4E5E-A1B8-1EB1C226AA76}.Debug|x86.Build.0 = Debug|Win32
		{FE371BE4-0FD4-4E5E-A1B8-1EB1C226AA76}.Release|x64.ActiveCfg = Release|x64
		{FE371BE4-0FD4-4E5E-A1B8-1EB1C226AA76}.Release|x64.Build.0 = Release|x64
		{FE371BE4-0FD4-4E5E-A1B8-1EB1C226AA76}.Release|x86.ActiveCfg = Release|Win32
		{FE371BE4-0FD4-4E5E-A1B8-1EB1C226AA76}.Release|x86.Build.0 = Release|Win32
		{DE7DBFCB-88DD-46C6-98B3-A711984179CE}.Debug|x64.ActiveCfg = Debug|x64
		{DE7DBFCB-88DD-46C6-98B3-A711984179CE}.Debug|x64.Build.0 = Debug|x64
		{DE7DBFCB-88DD-46C6-98B3-A711984179CE}.Debug|x86.ActiveCfg = Debug|Win32
		{DE7DBFCB-88DD-46C6-98B3-A711984179CE}.Debug|x86.Build.0 = Debug|Win32
		{DE7DBFCB-88DD-46C6-98B3-A711984179CE}.Release|x64.ActiveCfg = Release|x64
		{DE7DBFCB-88DD-46C6-98B3-A711984179CE}.Release|x64.Build.0 = Release|x64
		{DE7DBFCB-88DD-46C6-98B3-A711984179CE}.Release|x86.ActiveCfg = Release|Win32
		{DE7DBFCB-88DD-46C6-98B3-A711984179CE}.Release|x86.Build.0 = Release|Win32
		{B150894B-DA7A-49C6-8902-06079EA277D4}.Debug|x64.ActiveCfg = Debug|x64
		{B150894B-DA7A-49C6-8902-06079EA277D4}.Debug|x64.Build.0 = Debug|x64
		{B150894B-DA7A-49C6-8902-06079EA277D4}.Debug|x86.ActiveCfg = Debug|Win32
		{B150894B-DA7A-49C6-8902-06079EA277D4}.Debug|x86.Build.0 = Debug|Win32
		{B150894B-DA7A-49C6-8902-06079EA277D4}.Release|x64.ActiveCfg = Release|x64
		{B150894B-DA7A-49C6-8902-06079EA277D4}.Release|x64.Build.0 = Release|x64
		{B150894B-DA7A-49C6-8902-06079EA277D4}.Release|x86.ActiveCfg = Release|Win32
		{B150894B-DA7A-49C6-8902-06079EA277D4}.Release|x86.Build.0 = Release|Win32
	EndGlobalSection
	GlobalSection(SolutionProperties) = preSolution
		HideSolutionNode = FALSE
	EndGlobalSection
	GlobalSection(ExtensibilityGlobals) = postSolution
		SolutionGuid = {0F552914-3406-4510-B74B-750EA6CFE006}
	EndGlobalSection
EndGlobal
